
Microsoft Visual Studio Solution File, Format Version 12.00
# Visual Studio Version 17
VisualStudioVersion = 17.3.32825.248
MinimumVisualStudioVersion = 10.0.40219.1
Project("{FAE04EC0-301F-11D3-BF4B-00C04F79EFBC}") = "Lab3", "Lab3\Lab3.csproj", "{491FB625-7F6A-4F01-93A4-39DCA44FD046}"
EndProject
Global
	GlobalSection(SolutionConfigurationPlatforms) = preSolution
		Debug|Any CPU = Debug|Any CPU
		Release|Any CPU = Release|Any CPU
	EndGlobalSection
	GlobalSection(ProjectConfigurationPlatforms) = postSolution
		{491FB625-7F6A-4F01-93A4-39DCA44FD046}.Debug|Any CPU.ActiveCfg = Debug|Any CPU
		{491FB625-7F6A-4F01-93A4-39DCA44FD046}.Debug|Any CPU.Build.0 = Debug|Any CPU
		{491FB625-7F6A-4F01-93A4-39DCA44FD046}.Release|Any CPU.ActiveCfg = Release|Any CPU
		{491FB625-7F6A-4F01-93A4-39DCA44FD046}.Release|Any CPU.Build.0 = Release|Any CPU
	EndGlobalSection
	GlobalSection(SolutionProperties) = preSolution
		HideSolutionNode = FALSE
	EndGlobalSection
	GlobalSection(ExtensibilityGlobals) = postSolution
		SolutionGuid = {241029FD-9483-4448-919C-5DF80698A8C3}
	EndGlobalSection
EndGlobal
